
Microsoft Visual Studio Solution File, Format Version 12.00
# Visual Studio Version 16
VisualStudioVersion = 16.0.31613.86
MinimumVisualStudioVersion = 10.0.40219.1
Project("{FAE04EC0-301F-11D3-BF4B-00C04F79EFBC}") = "SearchMoviesApp.Android", "SearchMoviesApp\SearchMoviesApp.Android\SearchMoviesApp.Android.csproj", "{95E65EFF-762F-4127-9FD7-BC89232F15C8}"
EndProject
Project("{FAE04EC0-301F-11D3-BF4B-00C04F79EFBC}") = "SearchMoviesApp.iOS", "SearchMoviesApp\SearchMoviesApp.iOS\SearchMoviesApp.iOS.csproj", "{9E894433-EBA4-425E-93B3-D1B77C80FD63}"
EndProject
Project("{FAE04EC0-301F-11D3-BF4B-00C04F79EFBC}") = "SearchMoviesApp", "SearchMoviesApp\SearchMoviesApp\SearchMoviesApp.csproj", "{F7451EE3-8262-4496-A344-2EEA84A2DE29}"
EndProject
Global
	GlobalSection(SolutionConfigurationPlatforms) = preSolution
		Debug|Any CPU = Debug|Any CPU
		Debug|iPhone = Debug|iPhone
		Debug|iPhoneSimulator = Debug|iPhoneSimulator
		Release|Any CPU = Release|Any CPU
		Release|iPhone = Release|iPhone
		Release|iPhoneSimulator = Release|iPhoneSimulator
	EndGlobalSection
	GlobalSection(ProjectConfigurationPlatforms) = postSolution
		{95E65EFF-762F-4127-9FD7-BC89232F15C8}.Debug|Any CPU.ActiveCfg = Debug|Any CPU
		{95E65EFF-762F-4127-9FD7-BC89232F15C8}.Debug|Any CPU.Build.0 = Debug|Any CPU
		{95E65EFF-762F-4127-9FD7-BC89232F15C8}.Debug|Any CPU.Deploy.0 = Debug|Any CPU
		{95E65EFF-762F-4127-9FD7-BC89232F15C8}.Debug|iPhone.ActiveCfg = Debug|Any CPU
		{95E65EFF-762F-4127-9FD7-BC89232F15C8}.Debug|iPhone.Build.0 = Debug|Any CPU
		{95E65EFF-762F-4127-9FD7-BC89232F15C8}.Debug|iPhone.Deploy.0 = Debug|Any CPU
		{95E65EFF-762F-4127-9FD7-BC89232F15C8}.Debug|iPhoneSimulator.ActiveCfg = Debug|Any CPU
		{95E65EFF-762F-4127-9FD7-BC89232F15C8}.Debug|iPhoneSimulator.Build.0 = Debug|Any CPU
		{95E65EFF-762F-4127-9FD7-BC89232F15C8}.Debug|iPhoneSimulator.Deploy.0 = Debug|Any CPU
		{95E65EFF-762F-4127-9FD7-BC89232F15C8}.Release|Any CPU.ActiveCfg = Release|Any CPU
		{95E65EFF-762F-4127-9FD7-BC89232F15C8}.Release|Any CPU.Build.0 = Release|Any CPU
		{95E65EFF-762F-4127-9FD7-BC89232F15C8}.Release|Any CPU.Deploy.0 = Release|Any CPU
		{95E65EFF-762F-4127-9FD7-BC89232F15C8}.Release|iPhone.ActiveCfg = Release|Any CPU
		{95E65EFF-762F-4127-9FD7-BC89232F15C8}.Release|iPhone.Build.0 = Release|Any CPU
		{95E65EFF-762F-4127-9FD7-BC89232F15C8}.Release|iPhone.Deploy.0 = Release|Any CPU
		{95E65EFF-762F-4127-9FD7-BC89232F15C8}.Release|iPhoneSimulator.ActiveCfg = Release|Any CPU
		{95E65EFF-762F-4127-9FD7-BC89232F15C8}.Release|iPhoneSimulator.Build.0 = Release|Any CPU
		{95E65EFF-762F-4127-9FD7-BC89232F15C8}.Release|iPhoneSimulator.Deploy.0 = Release|Any CPU
		{9E894433-EBA4-425E-93B3-D1B77C80FD63}.Debug|Any CPU.ActiveCfg = Debug|iPhone
		{9E894433-EBA4-425E-93B3-D1B77C80FD63}.Debug|Any CPU.Build.0 = Debug|iPhone
		{9E894433-EBA4-425E-93B3-D1B77C80FD63}.Debug|Any CPU.Deploy.0 = Debug|iPhone
		{9E894433-EBA4-425E-93B3-D1B77C80FD63}.Debug|iPhone.ActiveCfg = Debug|iPhone
		{9E894433-EBA4-425E-93B3-D1B77C80FD63}.Debug|iPhone.Build.0 = Debug|iPhone
		{9E894433-EBA4-425E-93B3-D1B77C80FD63}.Debug|iPhone.Deploy.0 = Debug|iPhone
		{9E894433-EBA4-425E-93B3-D1B77C80FD63}.Debug|iPhoneSimulator.ActiveCfg = Debug|iPhoneSimulator
		{9E894433-EBA4-425E-93B3-D1B77C80FD63}.Debug|iPhoneSimulator.Build.0 = Debug|iPhoneSimulator
		{9E894433-EBA4-425E-93B3-D1B77C80FD63}.Debug|iPhoneSimulator.Deploy.0 = Debug|iPhoneSimulator
		{9E894433-EBA4-425E-93B3-D1B77C80FD63}.Release|Any CPU.ActiveCfg = Release|iPhoneSimulator
		{9E894433-EBA4-425E-93B3-D1B77C80FD63}.Release|Any CPU.Build.0 = Release|iPhoneSimulator
		{9E894433-EBA4-425E-93B3-D1B77C80FD63}.Release|Any CPU.Deploy.0 = Release|iPhoneSimulator
		{9E894433-EBA4-425E-93B3-D1B77C80FD63}.Release|iPhone.ActiveCfg = Release|iPhone
		{9E894433-EBA4-425E-93B3-D1B77C80FD63}.Release|iPhone.Build.0 = Release|iPhone
		{9E894433-EBA4-425E-93B3-D1B77C80FD63}.Release|iPhone.Deploy.0 = Release|iPhone
		{9E894433-EBA4-425E-93B3-D1B77C80FD63}.Release|iPhoneSimulator.ActiveCfg = Release|iPhoneSimulator
		{9E894433-EBA4-425E-93B3-D1B77C80FD63}.Release|iPhoneSimulator.Build.0 = Release|iPhoneSimulator
		{9E894433-EBA4-425E-93B3-D1B77C80FD63}.Release|iPhoneSimulator.Deploy.0 = Release|iPhoneSimulator
		{F7451EE3-8262-4496-A344-2EEA84A2DE29}.Debug|Any CPU.ActiveCfg = Debug|Any CPU
		{F7451EE3-8262-4496-A344-2EEA84A2DE29}.Debug|Any CPU.Build.0 = Debug|Any CPU
		{F7451EE3-8262-4496-A344-2EEA84A2DE29}.Debug|Any CPU.Deploy.0 = Debug|Any CPU
		{F7451EE3-8262-4496-A344-2EEA84A2DE29}.Debug|iPhone.ActiveCfg = Debug|Any CPU
		{F7451EE3-8262-4496-A344-2EEA84A2DE29}.Debug|iPhone.Build.0 = Debug|Any CPU
		{F7451EE3-8262-4496-A344-2EEA84A2DE29}.Debug|iPhone.Deploy.0 = Debug|Any CPU
		{F7451EE3-8262-4496-A344-2EEA84A2DE29}.Debug|iPhoneSimulator.ActiveCfg = Debug|Any CPU
		{F7451EE3-8262-4496-A344-2EEA84A2DE29}.Debug|iPhoneSimulator.Build.0 = Debug|Any CPU
		{F7451EE3-8262-4496-A344-2EEA84A2DE29}.Debug|iPhoneSimulator.Deploy.0 = Debug|Any CPU
		{F7451EE3-8262-4496-A344-2EEA84A2DE29}.Release|Any CPU.ActiveCfg = Release|Any CPU
		{F7451EE3-8262-4496-A344-2EEA84A2DE29}.Release|Any CPU.Build.0 = Release|Any CPU
		{F7451EE3-8262-4496-A344-2EEA84A2DE29}.Release|Any CPU.Deploy.0 = Release|Any CPU
		{F7451EE3-8262-4496-A344-2EEA84A2DE29}.Release|iPhone.ActiveCfg = Release|Any CPU
		{F7451EE3-8262-4496-A344-2EEA84A2DE29}.Release|iPhone.Build.0 = Release|Any CPU
		{F7451EE3-8262-4496-A344-2EEA84A2DE29}.Release|iPhone.Deploy.0 = Release|Any CPU
		{F7451EE3-8262-4496-A344-2EEA84A2DE29}.Release|iPhoneSimulator.ActiveCfg = Release|Any CPU
		{F7451EE3-8262-4496-A344-2EEA84A2DE29}.Release|iPhoneSimulator.Build.0 = Release|Any CPU
		{F7451EE3-8262-4496-A344-2EEA84A2DE29}.Release|iPhoneSimulator.Deploy.0 = Release|Any CPU
	EndGlobalSection
	GlobalSection(SolutionProperties) = preSolution
		HideSolutionNode = FALSE
	EndGlobalSection
	GlobalSection(ExtensibilityGlobals) = postSolution
		SolutionGuid = {6E3FA11D-5749-4873-B71E-43D902591BAE}
	EndGlobalSection
EndGlobal
